// !$*UTF8*$!
{
	archiveVersion = 1;
	classes = {
	};
	objectVersion = 56;
	objects = {

/* Begin PBXBuildFile section */
		5C4B168429115606007F672C /* CloudKitTests.swift in Sources */ = {isa = PBXBuildFile; fileRef = 5C4B168329115606007F672C /* CloudKitTests.swift */; };
		5C4B168629115694007F672C /* CloudKitService.swift in Sources */ = {isa = PBXBuildFile; fileRef = 5C4B168529115694007F672C /* CloudKitService.swift */; };
		5CA21E97292589CD00F30870 /* String+localizedError.swift in Sources */ = {isa = PBXBuildFile; fileRef = 5CA21E96292589CD00F30870 /* String+localizedError.swift */; };
		F048CCF828BB5C97003A6ED8 /* NoteDetailView.swift in Sources */ = {isa = PBXBuildFile; fileRef = F048CCF728BB5C97003A6ED8 /* NoteDetailView.swift */; };
		F048CCFA28BB5CFA003A6ED8 /* NotePreviewView.swift in Sources */ = {isa = PBXBuildFile; fileRef = F048CCF928BB5CFA003A6ED8 /* NotePreviewView.swift */; };
		F04F9AF028B268C400D6BE35 /* Model.swift in Sources */ = {isa = PBXBuildFile; fileRef = F04F9AEF28B268C400D6BE35 /* Model.swift */; };
		F04F9AF228B2BF7800D6BE35 /* EditNoteView.swift in Sources */ = {isa = PBXBuildFile; fileRef = F04F9AF128B2BF7800D6BE35 /* EditNoteView.swift */; };
		F059162B28C1400100485D37 /* Color+hex.swift in Sources */ = {isa = PBXBuildFile; fileRef = F059162A28C1400100485D37 /* Color+hex.swift */; };
		F09FE96F28B167B800D00317 /* NotesApp.swift in Sources */ = {isa = PBXBuildFile; fileRef = F09FE96E28B167B800D00317 /* NotesApp.swift */; };
		F09FE97128B167B800D00317 /* ContentView.swift in Sources */ = {isa = PBXBuildFile; fileRef = F09FE97028B167B800D00317 /* ContentView.swift */; };
		F09FE97328B167B900D00317 /* Assets.xcassets in Resources */ = {isa = PBXBuildFile; fileRef = F09FE97228B167B900D00317 /* Assets.xcassets */; };
		F09FE97628B167B900D00317 /* Preview Assets.xcassets in Resources */ = {isa = PBXBuildFile; fileRef = F09FE97528B167B900D00317 /* Preview Assets.xcassets */; };
		F09FE98028B167BA00D00317 /* NotesTests.swift in Sources */ = {isa = PBXBuildFile; fileRef = F09FE97F28B167BA00D00317 /* NotesTests.swift */; };
		F09FE98A28B167BA00D00317 /* NotesUITests.swift in Sources */ = {isa = PBXBuildFile; fileRef = F09FE98928B167BA00D00317 /* NotesUITests.swift */; };
		F09FE98C28B167BA00D00317 /* NotesUITestsLaunchTests.swift in Sources */ = {isa = PBXBuildFile; fileRef = F09FE98B28B167BA00D00317 /* NotesUITestsLaunchTests.swift */; };
		F09FE99B28B1742100D00317 /* GroupListView.swift in Sources */ = {isa = PBXBuildFile; fileRef = F09FE99A28B1742100D00317 /* GroupListView.swift */; };
		F09FE99D28B1743700D00317 /* NoteListView.swift in Sources */ = {isa = PBXBuildFile; fileRef = F09FE99C28B1743700D00317 /* NoteListView.swift */; };
		F09FE99F28B1744B00D00317 /* NoteContentEditorView.swift in Sources */ = {isa = PBXBuildFile; fileRef = F09FE99E28B1744B00D00317 /* NoteContentEditorView.swift */; };
		F09FE9A228B1747F00D00317 /* Note.swift in Sources */ = {isa = PBXBuildFile; fileRef = F09FE9A128B1747F00D00317 /* Note.swift */; };
		F0A5DE6C28B6B78F00C0FDA9 /* Color+random.swift in Sources */ = {isa = PBXBuildFile; fileRef = F0A5DE6B28B6B78F00C0FDA9 /* Color+random.swift */; };
		F0A5DE6E28B6BF7C00C0FDA9 /* TODO.rtf in Resources */ = {isa = PBXBuildFile; fileRef = F0A5DE6D28B6BF7C00C0FDA9 /* TODO.rtf */; };
		F0BA8A8328B2173D00BBC88D /* Group.swift in Sources */ = {isa = PBXBuildFile; fileRef = F0BA8A8228B2173D00BBC88D /* Group.swift */; };
		F0BA8A8628B2210900BBC88D /* Color+Codable.swift in Sources */ = {isa = PBXBuildFile; fileRef = F0BA8A8528B2210900BBC88D /* Color+Codable.swift */; };
		F0BB0E8628BD155D00671503 /* GroupDal.swift in Sources */ = {isa = PBXBuildFile; fileRef = F0BB0E8528BD155D00671503 /* GroupDal.swift */; };
		F0BB0E8828BD157100671503 /* NoteDal.swift in Sources */ = {isa = PBXBuildFile; fileRef = F0BB0E8728BD157100671503 /* NoteDal.swift */; };
		F0BB0E8B28BD20F500671503 /* SQLite in Frameworks */ = {isa = PBXBuildFile; productRef = F0BB0E8A28BD20F500671503 /* SQLite */; };
		F0BB0E8D28BD236F00671503 /* DalHelpers.swift in Sources */ = {isa = PBXBuildFile; fileRef = F0BB0E8C28BD236F00671503 /* DalHelpers.swift */; };
		F0BB0E9028BD439200671503 /* SQLite in Frameworks */ = {isa = PBXBuildFile; productRef = F0BB0E8F28BD439200671503 /* SQLite */; };
/* End PBXBuildFile section */

/* Begin PBXContainerItemProxy section */
		F09FE97C28B167BA00D00317 /* PBXContainerItemProxy */ = {
			isa = PBXContainerItemProxy;
			containerPortal = F09FE96328B167B700D00317 /* Project object */;
			proxyType = 1;
			remoteGlobalIDString = F09FE96A28B167B700D00317;
			remoteInfo = Notes;
		};
		F09FE98628B167BA00D00317 /* PBXContainerItemProxy */ = {
			isa = PBXContainerItemProxy;
			containerPortal = F09FE96328B167B700D00317 /* Project object */;
			proxyType = 1;
			remoteGlobalIDString = F09FE96A28B167B700D00317;
			remoteInfo = Notes;
		};
/* End PBXContainerItemProxy section */

/* Begin PBXFileReference section */
		5C4B1682290FC7A8007F672C /* Notes.entitlements */ = {isa = PBXFileReference; lastKnownFileType = text.plist.entitlements; path = Notes.entitlements; sourceTree = "<group>"; };
		5C4B168329115606007F672C /* CloudKitTests.swift */ = {isa = PBXFileReference; lastKnownFileType = sourcecode.swift; path = CloudKitTests.swift; sourceTree = "<group>"; };
		5C4B168529115694007F672C /* CloudKitService.swift */ = {isa = PBXFileReference; lastKnownFileType = sourcecode.swift; path = CloudKitService.swift; sourceTree = "<group>"; };
		5CA21E96292589CD00F30870 /* String+localizedError.swift */ = {isa = PBXFileReference; lastKnownFileType = sourcecode.swift; path = "String+localizedError.swift"; sourceTree = "<group>"; };
		F048CCF728BB5C97003A6ED8 /* NoteDetailView.swift */ = {isa = PBXFileReference; lastKnownFileType = sourcecode.swift; path = NoteDetailView.swift; sourceTree = "<group>"; };
		F048CCF928BB5CFA003A6ED8 /* NotePreviewView.swift */ = {isa = PBXFileReference; lastKnownFileType = sourcecode.swift; path = NotePreviewView.swift; sourceTree = "<group>"; };
		F04F9AEF28B268C400D6BE35 /* Model.swift */ = {isa = PBXFileReference; lastKnownFileType = sourcecode.swift; path = Model.swift; sourceTree = "<group>"; };
		F04F9AF128B2BF7800D6BE35 /* EditNoteView.swift */ = {isa = PBXFileReference; lastKnownFileType = sourcecode.swift; path = EditNoteView.swift; sourceTree = "<group>"; };
		F059162A28C1400100485D37 /* Color+hex.swift */ = {isa = PBXFileReference; lastKnownFileType = sourcecode.swift; path = "Color+hex.swift"; sourceTree = "<group>"; };
		F09FE96B28B167B800D00317 /* Notes.app */ = {isa = PBXFileReference; explicitFileType = wrapper.application; includeInIndex = 0; path = Notes.app; sourceTree = BUILT_PRODUCTS_DIR; };
		F09FE96E28B167B800D00317 /* NotesApp.swift */ = {isa = PBXFileReference; lastKnownFileType = sourcecode.swift; path = NotesApp.swift; sourceTree = "<group>"; };
		F09FE97028B167B800D00317 /* ContentView.swift */ = {isa = PBXFileReference; lastKnownFileType = sourcecode.swift; path = ContentView.swift; sourceTree = "<group>"; };
		F09FE97228B167B900D00317 /* Assets.xcassets */ = {isa = PBXFileReference; lastKnownFileType = folder.assetcatalog; path = Assets.xcassets; sourceTree = "<group>"; };
		F09FE97528B167B900D00317 /* Preview Assets.xcassets */ = {isa = PBXFileReference; lastKnownFileType = folder.assetcatalog; path = "Preview Assets.xcassets"; sourceTree = "<group>"; };
		F09FE97B28B167BA00D00317 /* NotesTests.xctest */ = {isa = PBXFileReference; explicitFileType = wrapper.cfbundle; includeInIndex = 0; path = NotesTests.xctest; sourceTree = BUILT_PRODUCTS_DIR; };
		F09FE97F28B167BA00D00317 /* NotesTests.swift */ = {isa = PBXFileReference; lastKnownFileType = sourcecode.swift; path = NotesTests.swift; sourceTree = "<group>"; };
		F09FE98528B167BA00D00317 /* NotesUITests.xctest */ = {isa = PBXFileReference; explicitFileType = wrapper.cfbundle; includeInIndex = 0; path = NotesUITests.xctest; sourceTree = BUILT_PRODUCTS_DIR; };
		F09FE98928B167BA00D00317 /* NotesUITests.swift */ = {isa = PBXFileReference; lastKnownFileType = sourcecode.swift; path = NotesUITests.swift; sourceTree = "<group>"; };
		F09FE98B28B167BA00D00317 /* NotesUITestsLaunchTests.swift */ = {isa = PBXFileReference; lastKnownFileType = sourcecode.swift; path = NotesUITestsLaunchTests.swift; sourceTree = "<group>"; };
		F09FE99A28B1742100D00317 /* GroupListView.swift */ = {isa = PBXFileReference; lastKnownFileType = sourcecode.swift; path = GroupListView.swift; sourceTree = "<group>"; };
		F09FE99C28B1743700D00317 /* NoteListView.swift */ = {isa = PBXFileReference; lastKnownFileType = sourcecode.swift; path = NoteListView.swift; sourceTree = "<group>"; };
		F09FE99E28B1744B00D00317 /* NoteContentEditorView.swift */ = {isa = PBXFileReference; lastKnownFileType = sourcecode.swift; path = NoteContentEditorView.swift; sourceTree = "<group>"; };
		F09FE9A128B1747F00D00317 /* Note.swift */ = {isa = PBXFileReference; lastKnownFileType = sourcecode.swift; path = Note.swift; sourceTree = "<group>"; };
		F0A5DE6B28B6B78F00C0FDA9 /* Color+random.swift */ = {isa = PBXFileReference; lastKnownFileType = sourcecode.swift; path = "Color+random.swift"; sourceTree = "<group>"; };
		F0A5DE6D28B6BF7C00C0FDA9 /* TODO.rtf */ = {isa = PBXFileReference; lastKnownFileType = text.rtf; path = TODO.rtf; sourceTree = "<group>"; };
		F0BA8A8228B2173D00BBC88D /* Group.swift */ = {isa = PBXFileReference; lastKnownFileType = sourcecode.swift; path = Group.swift; sourceTree = "<group>"; };
		F0BA8A8528B2210900BBC88D /* Color+Codable.swift */ = {isa = PBXFileReference; lastKnownFileType = sourcecode.swift; path = "Color+Codable.swift"; sourceTree = "<group>"; };
		F0BB0E8528BD155D00671503 /* GroupDal.swift */ = {isa = PBXFileReference; lastKnownFileType = sourcecode.swift; path = GroupDal.swift; sourceTree = "<group>"; };
		F0BB0E8728BD157100671503 /* NoteDal.swift */ = {isa = PBXFileReference; lastKnownFileType = sourcecode.swift; path = NoteDal.swift; sourceTree = "<group>"; };
		F0BB0E8C28BD236F00671503 /* DalHelpers.swift */ = {isa = PBXFileReference; lastKnownFileType = sourcecode.swift; path = DalHelpers.swift; sourceTree = "<group>"; };
		F0BB0E9128BD448500671503 /* Info.plist */ = {isa = PBXFileReference; lastKnownFileType = text.plist; path = Info.plist; sourceTree = "<group>"; };
/* End PBXFileReference section */

/* Begin PBXFrameworksBuildPhase section */
		F09FE96828B167B700D00317 /* Frameworks */ = {
			isa = PBXFrameworksBuildPhase;
			buildActionMask = 2147483647;
			files = (
				F0BB0E8B28BD20F500671503 /* SQLite in Frameworks */,
			);
			runOnlyForDeploymentPostprocessing = 0;
		};
		F09FE97828B167BA00D00317 /* Frameworks */ = {
			isa = PBXFrameworksBuildPhase;
			buildActionMask = 2147483647;
			files = (
				F0BB0E9028BD439200671503 /* SQLite in Frameworks */,
			);
			runOnlyForDeploymentPostprocessing = 0;
		};
		F09FE98228B167BA00D00317 /* Frameworks */ = {
			isa = PBXFrameworksBuildPhase;
			buildActionMask = 2147483647;
			files = (
			);
			runOnlyForDeploymentPostprocessing = 0;
		};
/* End PBXFrameworksBuildPhase section */

/* Begin PBXGroup section */
		F09FE96228B167B700D00317 = {
			isa = PBXGroup;
			children = (
				F09FE96D28B167B800D00317 /* Notes */,
				F09FE97E28B167BA00D00317 /* NotesTests */,
				F09FE98828B167BA00D00317 /* NotesUITests */,
				F09FE96C28B167B800D00317 /* Products */,
				F0BB0E8E28BD439200671503 /* Frameworks */,
			);
			sourceTree = "<group>";
		};
		F09FE96C28B167B800D00317 /* Products */ = {
			isa = PBXGroup;
			children = (
				F09FE96B28B167B800D00317 /* Notes.app */,
				F09FE97B28B167BA00D00317 /* NotesTests.xctest */,
				F09FE98528B167BA00D00317 /* NotesUITests.xctest */,
			);
			name = Products;
			sourceTree = "<group>";
		};
		F09FE96D28B167B800D00317 /* Notes */ = {
			isa = PBXGroup;
			children = (
				5C4B1682290FC7A8007F672C /* Notes.entitlements */,
				F0BB0E9128BD448500671503 /* Info.plist */,
				F0A5DE6D28B6BF7C00C0FDA9 /* TODO.rtf */,
				F09FE97028B167B800D00317 /* ContentView.swift */,
				F09FE96E28B167B800D00317 /* NotesApp.swift */,
				F09FE97228B167B900D00317 /* Assets.xcassets */,
				F0BA8A8428B220D400BBC88D /* Extension */,
				F0A5DE6A28B6B6A300C0FDA9 /* LocalDataAccessLayer */,
				F09FE9A028B1747100D00317 /* Model */,
				F09FE97428B167B900D00317 /* Preview Content */,
				F09FE99928B173EA00D00317 /* View */,
				5C4B168529115694007F672C /* CloudKitService.swift */,
			);
			path = Notes;
			sourceTree = "<group>";
		};
		F09FE97428B167B900D00317 /* Preview Content */ = {
			isa = PBXGroup;
			children = (
				F09FE97528B167B900D00317 /* Preview Assets.xcassets */,
			);
			path = "Preview Content";
			sourceTree = "<group>";
		};
		F09FE97E28B167BA00D00317 /* NotesTests */ = {
			isa = PBXGroup;
			children = (
				F09FE97F28B167BA00D00317 /* NotesTests.swift */,
				5C4B168329115606007F672C /* CloudKitTests.swift */,
			);
			path = NotesTests;
			sourceTree = "<group>";
		};
		F09FE98828B167BA00D00317 /* NotesUITests */ = {
			isa = PBXGroup;
			children = (
				F09FE98928B167BA00D00317 /* NotesUITests.swift */,
				F09FE98B28B167BA00D00317 /* NotesUITestsLaunchTests.swift */,
			);
			path = NotesUITests;
			sourceTree = "<group>";
		};
		F09FE99928B173EA00D00317 /* View */ = {
			isa = PBXGroup;
			children = (
				F04F9AF128B2BF7800D6BE35 /* EditNoteView.swift */,
				F09FE99A28B1742100D00317 /* GroupListView.swift */,
				F09FE99E28B1744B00D00317 /* NoteContentEditorView.swift */,
				F048CCF728BB5C97003A6ED8 /* NoteDetailView.swift */,
				F09FE99C28B1743700D00317 /* NoteListView.swift */,
				F048CCF928BB5CFA003A6ED8 /* NotePreviewView.swift */,
			);
			path = View;
			sourceTree = "<group>";
		};
		F09FE9A028B1747100D00317 /* Model */ = {
			isa = PBXGroup;
			children = (
				F09FE9A128B1747F00D00317 /* Note.swift */,
				F0BA8A8228B2173D00BBC88D /* Group.swift */,
				F04F9AEF28B268C400D6BE35 /* Model.swift */,
			);
			path = Model;
			sourceTree = "<group>";
		};
		F0A5DE6A28B6B6A300C0FDA9 /* LocalDataAccessLayer */ = {
			isa = PBXGroup;
			children = (
				F0BB0E8C28BD236F00671503 /* DalHelpers.swift */,
				F0BB0E8528BD155D00671503 /* GroupDal.swift */,
				F0BB0E8728BD157100671503 /* NoteDal.swift */,
			);
			path = LocalDataAccessLayer;
			sourceTree = "<group>";
		};
		F0BA8A8428B220D400BBC88D /* Extension */ = {
			isa = PBXGroup;
			children = (
				F0BA8A8528B2210900BBC88D /* Color+Codable.swift */,
				F059162A28C1400100485D37 /* Color+hex.swift */,
				F0A5DE6B28B6B78F00C0FDA9 /* Color+random.swift */,
				5CA21E96292589CD00F30870 /* String+localizedError.swift */,
			);
			path = Extension;
			sourceTree = "<group>";
		};
		F0BB0E8E28BD439200671503 /* Frameworks */ = {
			isa = PBXGroup;
			children = (
			);
			name = Frameworks;
			sourceTree = "<group>";
		};
/* End PBXGroup section */

/* Begin PBXNativeTarget section */
		F09FE96A28B167B700D00317 /* Notes */ = {
			isa = PBXNativeTarget;
			buildConfigurationList = F09FE98F28B167BA00D00317 /* Build configuration list for PBXNativeTarget "Notes" */;
			buildPhases = (
				F09FE96728B167B700D00317 /* Sources */,
				F09FE96828B167B700D00317 /* Frameworks */,
				F09FE96928B167B700D00317 /* Resources */,
				F09FE99828B172A600D00317 /* ShellScript */,
			);
			buildRules = (
			);
			dependencies = (
			);
			name = Notes;
			packageProductDependencies = (
				F0BB0E8A28BD20F500671503 /* SQLite */,
			);
			productName = Notes;
			productReference = F09FE96B28B167B800D00317 /* Notes.app */;
			productType = "com.apple.product-type.application";
		};
		F09FE97A28B167BA00D00317 /* NotesTests */ = {
			isa = PBXNativeTarget;
			buildConfigurationList = F09FE99228B167BA00D00317 /* Build configuration list for PBXNativeTarget "NotesTests" */;
			buildPhases = (
				F09FE97728B167BA00D00317 /* Sources */,
				F09FE97828B167BA00D00317 /* Frameworks */,
				F09FE97928B167BA00D00317 /* Resources */,
			);
			buildRules = (
			);
			dependencies = (
				F09FE97D28B167BA00D00317 /* PBXTargetDependency */,
			);
			name = NotesTests;
			packageProductDependencies = (
				F0BB0E8F28BD439200671503 /* SQLite */,
			);
			productName = NotesTests;
			productReference = F09FE97B28B167BA00D00317 /* NotesTests.xctest */;
			productType = "com.apple.product-type.bundle.unit-test";
		};
		F09FE98428B167BA00D00317 /* NotesUITests */ = {
			isa = PBXNativeTarget;
			buildConfigurationList = F09FE99528B167BA00D00317 /* Build configuration list for PBXNativeTarget "NotesUITests" */;
			buildPhases = (
				F09FE98128B167BA00D00317 /* Sources */,
				F09FE98228B167BA00D00317 /* Frameworks */,
				F09FE98328B167BA00D00317 /* Resources */,
			);
			buildRules = (
			);
			dependencies = (
				F09FE98728B167BA00D00317 /* PBXTargetDependency */,
			);
			name = NotesUITests;
			productName = NotesUITests;
			productReference = F09FE98528B167BA00D00317 /* NotesUITests.xctest */;
			productType = "com.apple.product-type.bundle.ui-testing";
		};
/* End PBXNativeTarget section */

/* Begin PBXProject section */
		F09FE96328B167B700D00317 /* Project object */ = {
			isa = PBXProject;
			attributes = {
				BuildIndependentTargetsInParallel = 1;
				LastSwiftUpdateCheck = 1400;
				LastUpgradeCheck = 1400;
				TargetAttributes = {
					F09FE96A28B167B700D00317 = {
						CreatedOnToolsVersion = 14.0;
					};
					F09FE97A28B167BA00D00317 = {
						CreatedOnToolsVersion = 14.0;
						TestTargetID = F09FE96A28B167B700D00317;
					};
					F09FE98428B167BA00D00317 = {
						CreatedOnToolsVersion = 14.0;
						TestTargetID = F09FE96A28B167B700D00317;
					};
				};
			};
			buildConfigurationList = F09FE96628B167B700D00317 /* Build configuration list for PBXProject "Notes" */;
			compatibilityVersion = "Xcode 14.0";
			developmentRegion = en;
			hasScannedForEncodings = 0;
			knownRegions = (
				en,
				Base,
			);
			mainGroup = F09FE96228B167B700D00317;
			packageReferences = (
				F0BB0E8928BD20F500671503 /* XCRemoteSwiftPackageReference "SQLite.swift" */,
			);
			productRefGroup = F09FE96C28B167B800D00317 /* Products */;
			projectDirPath = "";
			projectRoot = "";
			targets = (
				F09FE96A28B167B700D00317 /* Notes */,
				F09FE97A28B167BA00D00317 /* NotesTests */,
				F09FE98428B167BA00D00317 /* NotesUITests */,
			);
		};
/* End PBXProject section */

/* Begin PBXResourcesBuildPhase section */
		F09FE96928B167B700D00317 /* Resources */ = {
			isa = PBXResourcesBuildPhase;
			buildActionMask = 2147483647;
			files = (
				F09FE97628B167B900D00317 /* Preview Assets.xcassets in Resources */,
				F09FE97328B167B900D00317 /* Assets.xcassets in Resources */,
				F0A5DE6E28B6BF7C00C0FDA9 /* TODO.rtf in Resources */,
			);
			runOnlyForDeploymentPostprocessing = 0;
		};
		F09FE97928B167BA00D00317 /* Resources */ = {
			isa = PBXResourcesBuildPhase;
			buildActionMask = 2147483647;
			files = (
			);
			runOnlyForDeploymentPostprocessing = 0;
		};
		F09FE98328B167BA00D00317 /* Resources */ = {
			isa = PBXResourcesBuildPhase;
			buildActionMask = 2147483647;
			files = (
			);
			runOnlyForDeploymentPostprocessing = 0;
		};
/* End PBXResourcesBuildPhase section */

/* Begin PBXShellScriptBuildPhase section */
		F09FE99828B172A600D00317 /* ShellScript */ = {
			isa = PBXShellScriptBuildPhase;
			alwaysOutOfDate = 1;
			buildActionMask = 2147483647;
			files = (
			);
			inputFileListPaths = (
			);
			inputPaths = (
			);
			outputFileListPaths = (
			);
			outputPaths = (
			);
			runOnlyForDeploymentPostprocessing = 0;
			shellPath = /bin/sh;
			shellScript = "export PATH=\"$PATH:/opt/homebrew/bin\"\nif which swiftlint > /dev/null; then\n  swiftlint && swiftlint --fix\nelse\n  echo \"warning: SwiftLint not installed, download from https://github.com/realm/SwiftLint\"\nfi\n";
		};
/* End PBXShellScriptBuildPhase section */

/* Begin PBXSourcesBuildPhase section */
		F09FE96728B167B700D00317 /* Sources */ = {
			isa = PBXSourcesBuildPhase;
			buildActionMask = 2147483647;
			files = (
				5C4B168629115694007F672C /* CloudKitService.swift in Sources */,
				F04F9AF028B268C400D6BE35 /* Model.swift in Sources */,
				F0A5DE6C28B6B78F00C0FDA9 /* Color+random.swift in Sources */,
				F0BA8A8328B2173D00BBC88D /* Group.swift in Sources */,
				5CA21E97292589CD00F30870 /* String+localizedError.swift in Sources */,
				F048CCF828BB5C97003A6ED8 /* NoteDetailView.swift in Sources */,
				F059162B28C1400100485D37 /* Color+hex.swift in Sources */,
				F0BA8A8628B2210900BBC88D /* Color+Codable.swift in Sources */,
				F0BB0E8628BD155D00671503 /* GroupDal.swift in Sources */,
				F04F9AF228B2BF7800D6BE35 /* EditNoteView.swift in Sources */,
				F09FE97128B167B800D00317 /* ContentView.swift in Sources */,
				F0BB0E8828BD157100671503 /* NoteDal.swift in Sources */,
				F09FE99B28B1742100D00317 /* GroupListView.swift in Sources */,
				F048CCFA28BB5CFA003A6ED8 /* NotePreviewView.swift in Sources */,
				F09FE99F28B1744B00D00317 /* NoteContentEditorView.swift in Sources */,
				F09FE99D28B1743700D00317 /* NoteListView.swift in Sources */,
				F09FE96F28B167B800D00317 /* NotesApp.swift in Sources */,
				F09FE9A228B1747F00D00317 /* Note.swift in Sources */,
				F0BB0E8D28BD236F00671503 /* DalHelpers.swift in Sources */,
			);
			runOnlyForDeploymentPostprocessing = 0;
		};
		F09FE97728B167BA00D00317 /* Sources */ = {
			isa = PBXSourcesBuildPhase;
			buildActionMask = 2147483647;
			files = (
				5C4B168429115606007F672C /* CloudKitTests.swift in Sources */,
				F09FE98028B167BA00D00317 /* NotesTests.swift in Sources */,
			);
			runOnlyForDeploymentPostprocessing = 0;
		};
		F09FE98128B167BA00D00317 /* Sources */ = {
			isa = PBXSourcesBuildPhase;
			buildActionMask = 2147483647;
			files = (
				F09FE98C28B167BA00D00317 /* NotesUITestsLaunchTests.swift in Sources */,
				F09FE98A28B167BA00D00317 /* NotesUITests.swift in Sources */,
			);
			runOnlyForDeploymentPostprocessing = 0;
		};
/* End PBXSourcesBuildPhase section */

/* Begin PBXTargetDependency section */
		F09FE97D28B167BA00D00317 /* PBXTargetDependency */ = {
			isa = PBXTargetDependency;
			target = F09FE96A28B167B700D00317 /* Notes */;
			targetProxy = F09FE97C28B167BA00D00317 /* PBXContainerItemProxy */;
		};
		F09FE98728B167BA00D00317 /* PBXTargetDependency */ = {
			isa = PBXTargetDependency;
			target = F09FE96A28B167B700D00317 /* Notes */;
			targetProxy = F09FE98628B167BA00D00317 /* PBXContainerItemProxy */;
		};
/* End PBXTargetDependency section */

/* Begin XCBuildConfiguration section */
		F09FE98D28B167BA00D00317 /* Debug */ = {
			isa = XCBuildConfiguration;
			buildSettings = {
				ALWAYS_SEARCH_USER_PATHS = NO;
				CLANG_ANALYZER_NONNULL = YES;
				CLANG_ANALYZER_NUMBER_OBJECT_CONVERSION = YES_AGGRESSIVE;
				CLANG_CXX_LANGUAGE_STANDARD = "gnu++20";
				CLANG_ENABLE_MODULES = YES;
				CLANG_ENABLE_OBJC_ARC = YES;
				CLANG_ENABLE_OBJC_WEAK = YES;
				CLANG_WARN_BLOCK_CAPTURE_AUTORELEASING = YES;
				CLANG_WARN_BOOL_CONVERSION = YES;
				CLANG_WARN_COMMA = YES;
				CLANG_WARN_CONSTANT_CONVERSION = YES;
				CLANG_WARN_DEPRECATED_OBJC_IMPLEMENTATIONS = YES;
				CLANG_WARN_DIRECT_OBJC_ISA_USAGE = YES_ERROR;
				CLANG_WARN_DOCUMENTATION_COMMENTS = YES;
				CLANG_WARN_EMPTY_BODY = YES;
				CLANG_WARN_ENUM_CONVERSION = YES;
				CLANG_WARN_INFINITE_RECURSION = YES;
				CLANG_WARN_INT_CONVERSION = YES;
				CLANG_WARN_NON_LITERAL_NULL_CONVERSION = YES;
				CLANG_WARN_OBJC_IMPLICIT_RETAIN_SELF = YES;
				CLANG_WARN_OBJC_LITERAL_CONVERSION = YES;
				CLANG_WARN_OBJC_ROOT_CLASS = YES_ERROR;
				CLANG_WARN_QUOTED_INCLUDE_IN_FRAMEWORK_HEADER = YES;
				CLANG_WARN_RANGE_LOOP_ANALYSIS = YES;
				CLANG_WARN_STRICT_PROTOTYPES = YES;
				CLANG_WARN_SUSPICIOUS_MOVE = YES;
				CLANG_WARN_UNGUARDED_AVAILABILITY = YES_AGGRESSIVE;
				CLANG_WARN_UNREACHABLE_CODE = YES;
				CLANG_WARN__DUPLICATE_METHOD_MATCH = YES;
				COPY_PHASE_STRIP = NO;
				DEBUG_INFORMATION_FORMAT = dwarf;
				ENABLE_STRICT_OBJC_MSGSEND = YES;
				ENABLE_TESTABILITY = YES;
				GCC_C_LANGUAGE_STANDARD = gnu11;
				GCC_DYNAMIC_NO_PIC = NO;
				GCC_NO_COMMON_BLOCKS = YES;
				GCC_OPTIMIZATION_LEVEL = 0;
				GCC_PREPROCESSOR_DEFINITIONS = (
					"DEBUG=1",
					"$(inherited)",
				);
				GCC_WARN_64_TO_32_BIT_CONVERSION = YES;
				GCC_WARN_ABOUT_RETURN_TYPE = YES_ERROR;
				GCC_WARN_UNDECLARED_SELECTOR = YES;
				GCC_WARN_UNINITIALIZED_AUTOS = YES_AGGRESSIVE;
				GCC_WARN_UNUSED_FUNCTION = YES;
				GCC_WARN_UNUSED_VARIABLE = YES;
				IPHONEOS_DEPLOYMENT_TARGET = 16.0;
				MTL_ENABLE_DEBUG_INFO = INCLUDE_SOURCE;
				MTL_FAST_MATH = YES;
				ONLY_ACTIVE_ARCH = YES;
				SDKROOT = iphoneos;
				SWIFT_ACTIVE_COMPILATION_CONDITIONS = DEBUG;
				SWIFT_OPTIMIZATION_LEVEL = "-Onone";
			};
			name = Debug;
		};
		F09FE98E28B167BA00D00317 /* Release */ = {
			isa = XCBuildConfiguration;
			buildSettings = {
				ALWAYS_SEARCH_USER_PATHS = NO;
				CLANG_ANALYZER_NONNULL = YES;
				CLANG_ANALYZER_NUMBER_OBJECT_CONVERSION = YES_AGGRESSIVE;
				CLANG_CXX_LANGUAGE_STANDARD = "gnu++20";
				CLANG_ENABLE_MODULES = YES;
				CLANG_ENABLE_OBJC_ARC = YES;
				CLANG_ENABLE_OBJC_WEAK = YES;
				CLANG_WARN_BLOCK_CAPTURE_AUTORELEASING = YES;
				CLANG_WARN_BOOL_CONVERSION = YES;
				CLANG_WARN_COMMA = YES;
				CLANG_WARN_CONSTANT_CONVERSION = YES;
				CLANG_WARN_DEPRECATED_OBJC_IMPLEMENTATIONS = YES;
				CLANG_WARN_DIRECT_OBJC_ISA_USAGE = YES_ERROR;
				CLANG_WARN_DOCUMENTATION_COMMENTS = YES;
				CLANG_WARN_EMPTY_BODY = YES;
				CLANG_WARN_ENUM_CONVERSION = YES;
				CLANG_WARN_INFINITE_RECURSION = YES;
				CLANG_WARN_INT_CONVERSION = YES;
				CLANG_WARN_NON_LITERAL_NULL_CONVERSION = YES;
				CLANG_WARN_OBJC_IMPLICIT_RETAIN_SELF = YES;
				CLANG_WARN_OBJC_LITERAL_CONVERSION = YES;
				CLANG_WARN_OBJC_ROOT_CLASS = YES_ERROR;
				CLANG_WARN_QUOTED_INCLUDE_IN_FRAMEWORK_HEADER = YES;
				CLANG_WARN_RANGE_LOOP_ANALYSIS = YES;
				CLANG_WARN_STRICT_PROTOTYPES = YES;
				CLANG_WARN_SUSPICIOUS_MOVE = YES;
				CLANG_WARN_UNGUARDED_AVAILABILITY = YES_AGGRESSIVE;
				CLANG_WARN_UNREACHABLE_CODE = YES;
				CLANG_WARN__DUPLICATE_METHOD_MATCH = YES;
				COPY_PHASE_STRIP = NO;
				DEBUG_INFORMATION_FORMAT = "dwarf-with-dsym";
				ENABLE_NS_ASSERTIONS = NO;
				ENABLE_STRICT_OBJC_MSGSEND = YES;
				GCC_C_LANGUAGE_STANDARD = gnu11;
				GCC_NO_COMMON_BLOCKS = YES;
				GCC_WARN_64_TO_32_BIT_CONVERSION = YES;
				GCC_WARN_ABOUT_RETURN_TYPE = YES_ERROR;
				GCC_WARN_UNDECLARED_SELECTOR = YES;
				GCC_WARN_UNINITIALIZED_AUTOS = YES_AGGRESSIVE;
				GCC_WARN_UNUSED_FUNCTION = YES;
				GCC_WARN_UNUSED_VARIABLE = YES;
				IPHONEOS_DEPLOYMENT_TARGET = 16.0;
				MTL_ENABLE_DEBUG_INFO = NO;
				MTL_FAST_MATH = YES;
				SDKROOT = iphoneos;
				SWIFT_COMPILATION_MODE = wholemodule;
				SWIFT_OPTIMIZATION_LEVEL = "-O";
				VALIDATE_PRODUCT = YES;
			};
			name = Release;
		};
		F09FE99028B167BA00D00317 /* Debug */ = {
			isa = XCBuildConfiguration;
			buildSettings = {
				ASSETCATALOG_COMPILER_APPICON_NAME = AppIcon;
				ASSETCATALOG_COMPILER_GLOBAL_ACCENT_COLOR_NAME = AccentColor;
				CODE_SIGN_ENTITLEMENTS = Notes/Notes.entitlements;
				CODE_SIGN_IDENTITY = "Apple Development";
				CODE_SIGN_STYLE = Automatic;
				CURRENT_PROJECT_VERSION = 1;
				DEVELOPMENT_ASSET_PATHS = "\"Notes/Preview Content\"";
				DEVELOPMENT_TEAM = TG5M9A8L6P;
				ENABLE_PREVIEWS = YES;
				GENERATE_INFOPLIST_FILE = YES;
				INFOPLIST_FILE = Notes/Info.plist;
				INFOPLIST_KEY_UIApplicationSceneManifest_Generation = YES;
				INFOPLIST_KEY_UIApplicationSupportsIndirectInputEvents = YES;
				INFOPLIST_KEY_UILaunchScreen_Generation = YES;
				INFOPLIST_KEY_UISupportedInterfaceOrientations_iPad = "UIInterfaceOrientationPortrait UIInterfaceOrientationPortraitUpsideDown UIInterfaceOrientationLandscapeLeft UIInterfaceOrientationLandscapeRight";
				INFOPLIST_KEY_UISupportedInterfaceOrientations_iPhone = "UIInterfaceOrientationPortrait UIInterfaceOrientationLandscapeLeft UIInterfaceOrientationLandscapeRight";
				LD_RUNPATH_SEARCH_PATHS = (
					"$(inherited)",
					"@executable_path/Frameworks",
				);
				MARKETING_VERSION = 1.0;
				PRODUCT_BUNDLE_IDENTIFIER = com.amomtt.Notes;
				PRODUCT_NAME = "$(TARGET_NAME)";
				PROVISIONING_PROFILE_SPECIFIER = "";
				SWIFT_EMIT_LOC_STRINGS = YES;
				SWIFT_VERSION = 5.0;
				TARGETED_DEVICE_FAMILY = "1,2";
			};
			name = Debug;
		};
		F09FE99128B167BA00D00317 /* Release */ = {
			isa = XCBuildConfiguration;
			buildSettings = {
				ASSETCATALOG_COMPILER_APPICON_NAME = AppIcon;
				ASSETCATALOG_COMPILER_GLOBAL_ACCENT_COLOR_NAME = AccentColor;
				CODE_SIGN_ENTITLEMENTS = Notes/Notes.entitlements;
				CODE_SIGN_IDENTITY = "Apple Development";
				CODE_SIGN_STYLE = Automatic;
				CURRENT_PROJECT_VERSION = 1;
				DEVELOPMENT_ASSET_PATHS = "\"Notes/Preview Content\"";
				DEVELOPMENT_TEAM = TG5M9A8L6P;
				ENABLE_PREVIEWS = YES;
				GENERATE_INFOPLIST_FILE = YES;
				INFOPLIST_FILE = Notes/Info.plist;
				INFOPLIST_KEY_UIApplicationSceneManifest_Generation = YES;
				INFOPLIST_KEY_UIApplicationSupportsIndirectInputEvents = YES;
				INFOPLIST_KEY_UILaunchScreen_Generation = YES;
				INFOPLIST_KEY_UISupportedInterfaceOrientations_iPad = "UIInterfaceOrientationPortrait UIInterfaceOrientationPortraitUpsideDown UIInterfaceOrientationLandscapeLeft UIInterfaceOrientationLandscapeRight";
				INFOPLIST_KEY_UISupportedInterfaceOrientations_iPhone = "UIInterfaceOrientationPortrait UIInterfaceOrientationLandscapeLeft UIInterfaceOrientationLandscapeRight";
				LD_RUNPATH_SEARCH_PATHS = (
					"$(inherited)",
					"@executable_path/Frameworks",
				);
				MARKETING_VERSION = 1.0;
				PRODUCT_BUNDLE_IDENTIFIER = com.amomtt.Notes;
				PRODUCT_NAME = "$(TARGET_NAME)";
				PROVISIONING_PROFILE_SPECIFIER = "";
				SWIFT_EMIT_LOC_STRINGS = YES;
				SWIFT_VERSION = 5.0;
				TARGETED_DEVICE_FAMILY = "1,2";
			};
			name = Release;
		};
		F09FE99328B167BA00D00317 /* Debug */ = {
			isa = XCBuildConfiguration;
			buildSettings = {
				ALWAYS_EMBED_SWIFT_STANDARD_LIBRARIES = YES;
				BUNDLE_LOADER = "$(TEST_HOST)";
				CODE_SIGN_STYLE = Automatic;
				CURRENT_PROJECT_VERSION = 1;
				DEVELOPMENT_TEAM = TG5M9A8L6P;
				GENERATE_INFOPLIST_FILE = YES;
				IPHONEOS_DEPLOYMENT_TARGET = 16.0;
				MARKETING_VERSION = 1.0;
				PRODUCT_BUNDLE_IDENTIFIER = com.amomtt.NotesTests;
				PRODUCT_NAME = "$(TARGET_NAME)";
				SWIFT_EMIT_LOC_STRINGS = NO;
				SWIFT_VERSION = 5.0;
				TARGETED_DEVICE_FAMILY = "1,2";
				TEST_HOST = "$(BUILT_PRODUCTS_DIR)/Notes.app/$(BUNDLE_EXECUTABLE_FOLDER_PATH)/Notes";
			};
			name = Debug;
		};
		F09FE99428B167BA00D00317 /* Release */ = {
			isa = XCBuildConfiguration;
			buildSettings = {
				ALWAYS_EMBED_SWIFT_STANDARD_LIBRARIES = YES;
				BUNDLE_LOADER = "$(TEST_HOST)";
				CODE_SIGN_STYLE = Automatic;
				CURRENT_PROJECT_VERSION = 1;
				DEVELOPMENT_TEAM = TG5M9A8L6P;
				GENERATE_INFOPLIST_FILE = YES;
				IPHONEOS_DEPLOYMENT_TARGET = 16.0;
				MARKETING_VERSION = 1.0;
				PRODUCT_BUNDLE_IDENTIFIER = com.amomtt.NotesTests;
				PRODUCT_NAME = "$(TARGET_NAME)";
				SWIFT_EMIT_LOC_STRINGS = NO;
				SWIFT_VERSION = 5.0;
				TARGETED_DEVICE_FAMILY = "1,2";
				TEST_HOST = "$(BUILT_PRODUCTS_DIR)/Notes.app/$(BUNDLE_EXECUTABLE_FOLDER_PATH)/Notes";
			};
			name = Release;
		};
		F09FE99628B167BA00D00317 /* Debug */ = {
			isa = XCBuildConfiguration;
			buildSettings = {
				ALWAYS_EMBED_SWIFT_STANDARD_LIBRARIES = YES;
				CODE_SIGN_STYLE = Automatic;
				CURRENT_PROJECT_VERSION = 1;
				DEVELOPMENT_TEAM = TG5M9A8L6P;
				GENERATE_INFOPLIST_FILE = YES;
				MARKETING_VERSION = 1.0;
				PRODUCT_BUNDLE_IDENTIFIER = com.amomtt.NotesUITests;
				PRODUCT_NAME = "$(TARGET_NAME)";
				SWIFT_EMIT_LOC_STRINGS = NO;
				SWIFT_VERSION = 5.0;
				TARGETED_DEVICE_FAMILY = "1,2";
				TEST_TARGET_NAME = Notes;
			};
			name = Debug;
		};
		F09FE99728B167BA00D00317 /* Release */ = {
			isa = XCBuildConfiguration;
			buildSettings = {
				ALWAYS_EMBED_SWIFT_STANDARD_LIBRARIES = YES;
				CODE_SIGN_STYLE = Automatic;
				CURRENT_PROJECT_VERSION = 1;
				DEVELOPMENT_TEAM = TG5M9A8L6P;
				GENERATE_INFOPLIST_FILE = YES;
				MARKETING_VERSION = 1.0;
				PRODUCT_BUNDLE_IDENTIFIER = com.amomtt.NotesUITests;
				PRODUCT_NAME = "$(TARGET_NAME)";
				SWIFT_EMIT_LOC_STRINGS = NO;
				SWIFT_VERSION = 5.0;
				TARGETED_DEVICE_FAMILY = "1,2";
				TEST_TARGET_NAME = Notes;
			};
			name = Release;
		};
/* End XCBuildConfiguration section */

/* Begin XCConfigurationList section */
		F09FE96628B167B700D00317 /* Build configuration list for PBXProject "Notes" */ = {
			isa = XCConfigurationList;
			buildConfigurations = (
				F09FE98D28B167BA00D00317 /* Debug */,
				F09FE98E28B167BA00D00317 /* Release */,
			);
			defaultConfigurationIsVisible = 0;
			defaultConfigurationName = Release;
		};
		F09FE98F28B167BA00D00317 /* Build configuration list for PBXNativeTarget "Notes" */ = {
			isa = XCConfigurationList;
			buildConfigurations = (
				F09FE99028B167BA00D00317 /* Debug */,
				F09FE99128B167BA00D00317 /* Release */,
			);
			defaultConfigurationIsVisible = 0;
			defaultConfigurationName = Release;
		};
		F09FE99228B167BA00D00317 /* Build configuration list for PBXNativeTarget "NotesTests" */ = {
			isa = XCConfigurationList;
			buildConfigurations = (
				F09FE99328B167BA00D00317 /* Debug */,
				F09FE99428B167BA00D00317 /* Release */,
			);
			defaultConfigurationIsVisible = 0;
			defaultConfigurationName = Release;
		};
		F09FE99528B167BA00D00317 /* Build configuration list for PBXNativeTarget "NotesUITests" */ = {
			isa = XCConfigurationList;
			buildConfigurations = (
				F09FE99628B167BA00D00317 /* Debug */,
				F09FE99728B167BA00D00317 /* Release */,
			);
			defaultConfigurationIsVisible = 0;
			defaultConfigurationName = Release;
		};
/* End XCConfigurationList section */

/* Begin XCRemoteSwiftPackageReference section */
		F0BB0E8928BD20F500671503 /* XCRemoteSwiftPackageReference "SQLite.swift" */ = {
			isa = XCRemoteSwiftPackageReference;
			repositoryURL = "https://github.com/stephencelis/SQLite.swift.git";
			requirement = {
				kind = upToNextMajorVersion;
				minimumVersion = 0.9.2;
			};
		};
/* End XCRemoteSwiftPackageReference section */

/* Begin XCSwiftPackageProductDependency section */
		F0BB0E8A28BD20F500671503 /* SQLite */ = {
			isa = XCSwiftPackageProductDependency;
			package = F0BB0E8928BD20F500671503 /* XCRemoteSwiftPackageReference "SQLite.swift" */;
			productName = SQLite;
		};
		F0BB0E8F28BD439200671503 /* SQLite */ = {
			isa = XCSwiftPackageProductDependency;
			package = F0BB0E8928BD20F500671503 /* XCRemoteSwiftPackageReference "SQLite.swift" */;
			productName = SQLite;
		};
/* End XCSwiftPackageProductDependency section */
	};
	rootObject = F09FE96328B167B700D00317 /* Project object */;
}
